
Microsoft Visual Studio Solution File, Format Version 12.00
# Visual Studio Version 16
VisualStudioVersion = 16.0.31410.357
MinimumVisualStudioVersion = 10.0.40219.1
Project("{FAE04EC0-301F-11D3-BF4B-00C04F79EFBC}") = "bt105", "bt105\bt105.csproj", "{9DA0981F-D6F3-4314-B863-7B518FC375E7}"
EndProject
Global
	GlobalSection(SolutionConfigurationPlatforms) = preSolution
		Debug|Any CPU = Debug|Any CPU
		Release|Any CPU = Release|Any CPU
	EndGlobalSection
	GlobalSection(ProjectConfigurationPlatforms) = postSolution
		{9DA0981F-D6F3-4314-B863-7B518FC375E7}.Debug|Any CPU.ActiveCfg = Debug|Any CPU
		{9DA0981F-D6F3-4314-B863-7B518FC375E7}.Debug|Any CPU.Build.0 = Debug|Any CPU
		{9DA0981F-D6F3-4314-B863-7B518FC375E7}.Release|Any CPU.ActiveCfg = Release|Any CPU
		{9DA0981F-D6F3-4314-B863-7B518FC375E7}.Release|Any CPU.Build.0 = Release|Any CPU
	EndGlobalSection
	GlobalSection(SolutionProperties) = preSolution
		HideSolutionNode = FALSE
	EndGlobalSection
	GlobalSection(ExtensibilityGlobals) = postSolution
		SolutionGuid = {E166AD9D-864D-423B-8915-5764ED1DEADC}
	EndGlobalSection
EndGlobal
